
Microsoft Visual Studio Solution File, Format Version 12.00
# Visual Studio Version 17
VisualStudioVersion = 17.7.34031.279
MinimumVisualStudioVersion = 10.0.40219.1
Project("{FAE04EC0-301F-11D3-BF4B-00C04F79EFBC}") = "1.BurgarBus", "ExamFirstTask1\1.BurgarBus.csproj", "{305141A9-FD2C-44D9-B86A-7039A3EF5C22}"
EndProject
Project("{FAE04EC0-301F-11D3-BF4B-00C04F79EFBC}") = "02.Numbers", "02.Numbers\02.Numbers.csproj", "{A880E94C-5ADA-47B2-B13F-1FC9EAF01077}"
EndProject
Project("{FAE04EC0-301F-11D3-BF4B-00C04F79EFBC}") = "3.SchooLibrary", "3.SchooLibrary\3.SchooLibrary.csproj", "{D606BD4C-BE34-461B-8F23-698398F2C25F}"
EndProject
Project("{FAE04EC0-301F-11D3-BF4B-00C04F79EFBC}") = "demosaaa", "demosaaa\demosaaa.csproj", "{95435512-D561-49E7-B0B8-D1078BCF686C}"
EndProject
Global
	GlobalSection(SolutionConfigurationPlatforms) = preSolution
		Debug|Any CPU = Debug|Any CPU
		Release|Any CPU = Release|Any CPU
	EndGlobalSection
	GlobalSection(ProjectConfigurationPlatforms) = postSolution
		{305141A9-FD2C-44D9-B86A-7039A3EF5C22}.Debug|Any CPU.ActiveCfg = Debug|Any CPU
		{305141A9-FD2C-44D9-B86A-7039A3EF5C22}.Debug|Any CPU.Build.0 = Debug|Any CPU
		{305141A9-FD2C-44D9-B86A-7039A3EF5C22}.Release|Any CPU.ActiveCfg = Release|Any CPU
		{305141A9-FD2C-44D9-B86A-7039A3EF5C22}.Release|Any CPU.Build.0 = Release|Any CPU
		{A880E94C-5ADA-47B2-B13F-1FC9EAF01077}.Debug|Any CPU.ActiveCfg = Debug|Any CPU
		{A880E94C-5ADA-47B2-B13F-1FC9EAF01077}.Debug|Any CPU.Build.0 = Debug|Any CPU
		{A880E94C-5ADA-47B2-B13F-1FC9EAF01077}.Release|Any CPU.ActiveCfg = Release|Any CPU
		{A880E94C-5ADA-47B2-B13F-1FC9EAF01077}.Release|Any CPU.Build.0 = Release|Any CPU
		{D606BD4C-BE34-461B-8F23-698398F2C25F}.Debug|Any CPU.ActiveCfg = Debug|Any CPU
		{D606BD4C-BE34-461B-8F23-698398F2C25F}.Debug|Any CPU.Build.0 = Debug|Any CPU
		{D606BD4C-BE34-461B-8F23-698398F2C25F}.Release|Any CPU.ActiveCfg = Release|Any CPU
		{D606BD4C-BE34-461B-8F23-698398F2C25F}.Release|Any CPU.Build.0 = Release|Any CPU
		{95435512-D561-49E7-B0B8-D1078BCF686C}.Debug|Any CPU.ActiveCfg = Debug|Any CPU
		{95435512-D561-49E7-B0B8-D1078BCF686C}.Debug|Any CPU.Build.0 = Debug|Any CPU
		{95435512-D561-49E7-B0B8-D1078BCF686C}.Release|Any CPU.ActiveCfg = Release|Any CPU
		{95435512-D561-49E7-B0B8-D1078BCF686C}.Release|Any CPU.Build.0 = Release|Any CPU
	EndGlobalSection
	GlobalSection(SolutionProperties) = preSolution
		HideSolutionNode = FALSE
	EndGlobalSection
	GlobalSection(ExtensibilityGlobals) = postSolution
		SolutionGuid = {F3F90C4A-053C-4ED4-973F-DA9366E7D3B5}
	EndGlobalSection
EndGlobal
